
Microsoft Visual Studio Solution File, Format Version 12.00
# Visual Studio 14
VisualStudioVersion = 14.0.23107.0
MinimumVisualStudioVersion = 10.0.40219.1
Project("{FAE04EC0-301F-11D3-BF4B-00C04F79EFBC}") = "ShorterPathAlgTest", "ShorterPathAlgTest\ShorterPathAlgTest.csproj", "{20ECD6EE-10CC-4506-9C59-DCE06803C90C}"
EndProject
Project("{FAE04EC0-301F-11D3-BF4B-00C04F79EFBC}") = "ShorterPathAlg", "ShorterPathAlg.API\ShorterPathAlg.csproj", "{C5647CC2-9DE9-4C6C-B02B-22B5B2D0684F}"
EndProject
Global
	GlobalSection(SolutionConfigurationPlatforms) = preSolution
		Debug|Any CPU = Debug|Any CPU
		Release|Any CPU = Release|Any CPU
	EndGlobalSection
	GlobalSection(ProjectConfigurationPlatforms) = postSolution
		{20ECD6EE-10CC-4506-9C59-DCE06803C90C}.Debug|Any CPU.ActiveCfg = Debug|Any CPU
		{20ECD6EE-10CC-4506-9C59-DCE06803C90C}.Debug|Any CPU.Build.0 = Debug|Any CPU
		{20ECD6EE-10CC-4506-9C59-DCE06803C90C}.Release|Any CPU.ActiveCfg = Release|Any CPU
		{20ECD6EE-10CC-4506-9C59-DCE06803C90C}.Release|Any CPU.Build.0 = Release|Any CPU
		{C5647CC2-9DE9-4C6C-B02B-22B5B2D0684F}.Debug|Any CPU.ActiveCfg = Debug|Any CPU
		{C5647CC2-9DE9-4C6C-B02B-22B5B2D0684F}.Debug|Any CPU.Build.0 = Debug|Any CPU
		{C5647CC2-9DE9-4C6C-B02B-22B5B2D0684F}.Release|Any CPU.ActiveCfg = Release|Any CPU
		{C5647CC2-9DE9-4C6C-B02B-22B5B2D0684F}.Release|Any CPU.Build.0 = Release|Any CPU
	EndGlobalSection
	GlobalSection(SolutionProperties) = preSolution
		HideSolutionNode = FALSE
	EndGlobalSection
EndGlobal
